
Microsoft Visual Studio Solution File, Format Version 12.00
# Visual Studio 2012
Project("{FAE04EC0-301F-11D3-BF4B-00C04F79EFBC}") = "LeksickiGenerator", "LeksickiGenerator\LeksickiGenerator.csproj", "{C112ADF3-CA27-4DDE-A761-702B23D5788C}"
EndProject
Project("{FAE04EC0-301F-11D3-BF4B-00C04F79EFBC}") = "LeksickiAnalizator", "LeksickiAnalizator\LeksickiAnalizator.csproj", "{3C73D0A3-F12B-4352-804A-DF52430F9D5B}"
EndProject
Global
	GlobalSection(SolutionConfigurationPlatforms) = preSolution
		Debug|Any CPU = Debug|Any CPU
		Release|Any CPU = Release|Any CPU
	EndGlobalSection
	GlobalSection(ProjectConfigurationPlatforms) = postSolution
		{C112ADF3-CA27-4DDE-A761-702B23D5788C}.Debug|Any CPU.ActiveCfg = Debug|Any CPU
		{C112ADF3-CA27-4DDE-A761-702B23D5788C}.Debug|Any CPU.Build.0 = Debug|Any CPU
		{C112ADF3-CA27-4DDE-A761-702B23D5788C}.Release|Any CPU.ActiveCfg = Release|Any CPU
		{C112ADF3-CA27-4DDE-A761-702B23D5788C}.Release|Any CPU.Build.0 = Release|Any CPU
		{3C73D0A3-F12B-4352-804A-DF52430F9D5B}.Debug|Any CPU.ActiveCfg = Debug|Any CPU
		{3C73D0A3-F12B-4352-804A-DF52430F9D5B}.Debug|Any CPU.Build.0 = Debug|Any CPU
		{3C73D0A3-F12B-4352-804A-DF52430F9D5B}.Release|Any CPU.ActiveCfg = Release|Any CPU
		{3C73D0A3-F12B-4352-804A-DF52430F9D5B}.Release|Any CPU.Build.0 = Release|Any CPU
	EndGlobalSection
	GlobalSection(SolutionProperties) = preSolution
		HideSolutionNode = FALSE
	EndGlobalSection
EndGlobal
